// !$*UTF8*$!
{
	archiveVersion = 1;
	classes = {
	};
	objectVersion = 55;
	objects = {

/* Begin PBXBuildFile section */
		1429550228FD021400C5EDEF /* ForgetPasswordViewModel.swift in Sources */ = {isa = PBXBuildFile; fileRef = 1429550128FD021400C5EDEF /* ForgetPasswordViewModel.swift */; };
		1429550428FD024E00C5EDEF /* ForgetPasswordDelegate.swift in Sources */ = {isa = PBXBuildFile; fileRef = 1429550328FD024E00C5EDEF /* ForgetPasswordDelegate.swift */; };
		1429550628FD027400C5EDEF /* ForgetPasswordDataType.swift in Sources */ = {isa = PBXBuildFile; fileRef = 1429550528FD027400C5EDEF /* ForgetPasswordDataType.swift */; };
		143ED23928EA6C99008C1C65 /* UIAlertController+Ext.swift in Sources */ = {isa = PBXBuildFile; fileRef = 143ED23328EA6C99008C1C65 /* UIAlertController+Ext.swift */; };
		143ED23A28EA6C99008C1C65 /* StringExtension.swift in Sources */ = {isa = PBXBuildFile; fileRef = 143ED23428EA6C99008C1C65 /* StringExtension.swift */; };
		143ED23B28EA6C99008C1C65 /* UIViewExtension.swift in Sources */ = {isa = PBXBuildFile; fileRef = 143ED23528EA6C99008C1C65 /* UIViewExtension.swift */; };
		143ED23C28EA6C99008C1C65 /* Double+Ext.swift in Sources */ = {isa = PBXBuildFile; fileRef = 143ED23628EA6C99008C1C65 /* Double+Ext.swift */; };
		143ED23D28EA6C99008C1C65 /* UIDatePicker+Ext.swift in Sources */ = {isa = PBXBuildFile; fileRef = 143ED23728EA6C99008C1C65 /* UIDatePicker+Ext.swift */; };
		143ED23E28EA6C99008C1C65 /* UIColor+Ext.swift in Sources */ = {isa = PBXBuildFile; fileRef = 143ED23828EA6C99008C1C65 /* UIColor+Ext.swift */; };
		143ED24728EA6D81008C1C65 /* Localizable.strings in Resources */ = {isa = PBXBuildFile; fileRef = 143ED24128EA6D81008C1C65 /* Localizable.strings */; };
		143ED24828EA6D81008C1C65 /* Localizable.strings in Resources */ = {isa = PBXBuildFile; fileRef = 143ED24428EA6D81008C1C65 /* Localizable.strings */; };
		143ED24928EA6D81008C1C65 /* Strings.swift in Sources */ = {isa = PBXBuildFile; fileRef = 143ED24628EA6D81008C1C65 /* Strings.swift */; };
		143ED24B28EA7BC4008C1C65 /* ApiClient.swift in Sources */ = {isa = PBXBuildFile; fileRef = 143ED24A28EA7BC4008C1C65 /* ApiClient.swift */; };
		143ED24D28EA85F6008C1C65 /* LoginViewModel.swift in Sources */ = {isa = PBXBuildFile; fileRef = 143ED24C28EA85F6008C1C65 /* LoginViewModel.swift */; };
		1443106228C8728300715560 /* LoginViewController.swift in Sources */ = {isa = PBXBuildFile; fileRef = 1443106128C8728300715560 /* LoginViewController.swift */; };
		145084A428F79CF2004EF237 /* PackageInfoViewController.swift in Sources */ = {isa = PBXBuildFile; fileRef = 145084A328F79CF2004EF237 /* PackageInfoViewController.swift */; };
		145084A628F79D76004EF237 /* WriteOffRecordViewController.swift in Sources */ = {isa = PBXBuildFile; fileRef = 145084A528F79D76004EF237 /* WriteOffRecordViewController.swift */; };
		145084A828F7A13C004EF237 /* UIImage+Ex.swift in Sources */ = {isa = PBXBuildFile; fileRef = 145084A728F7A13C004EF237 /* UIImage+Ex.swift */; };
		145084AA28F7AF7B004EF237 /* LoginDelegate.swift in Sources */ = {isa = PBXBuildFile; fileRef = 145084A928F7AF7B004EF237 /* LoginDelegate.swift */; };
		145084AC28F7EB5B004EF237 /* CustomTabBar.swift in Sources */ = {isa = PBXBuildFile; fileRef = 145084AB28F7EB5B004EF237 /* CustomTabBar.swift */; };
		145684E528F6B4C200A9D1D4 /* ForgetPasswordViewController.swift in Sources */ = {isa = PBXBuildFile; fileRef = 145684E428F6B4C200A9D1D4 /* ForgetPasswordViewController.swift */; };
		1467E33C28F8F18400E1BA17 /* MainDataType.swift in Sources */ = {isa = PBXBuildFile; fileRef = 1467E33B28F8F18400E1BA17 /* MainDataType.swift */; };
		1467E33E28F8F2CD00E1BA17 /* MainViewModel.swift in Sources */ = {isa = PBXBuildFile; fileRef = 1467E33D28F8F2CD00E1BA17 /* MainViewModel.swift */; };
		1467E34028F9000D00E1BA17 /* MainDelegate.swift in Sources */ = {isa = PBXBuildFile; fileRef = 1467E33F28F9000D00E1BA17 /* MainDelegate.swift */; };
		1467E34228F9313500E1BA17 /* MotifyPasswordViewController.swift in Sources */ = {isa = PBXBuildFile; fileRef = 1467E34128F9313500E1BA17 /* MotifyPasswordViewController.swift */; };
		146DEA2D28EA9507005F16A5 /* Dictionary+Ex.swift in Sources */ = {isa = PBXBuildFile; fileRef = 146DEA2C28EA9507005F16A5 /* Dictionary+Ex.swift */; };
		1479C04428C6D33A000BF2A3 /* AppDelegate.swift in Sources */ = {isa = PBXBuildFile; fileRef = 1479C04328C6D33A000BF2A3 /* AppDelegate.swift */; };
		1479C04628C6D33A000BF2A3 /* SceneDelegate.swift in Sources */ = {isa = PBXBuildFile; fileRef = 1479C04528C6D33A000BF2A3 /* SceneDelegate.swift */; };
		1479C04828C6D33A000BF2A3 /* ScannerViewController.swift in Sources */ = {isa = PBXBuildFile; fileRef = 1479C04728C6D33A000BF2A3 /* ScannerViewController.swift */; };
		1479C04B28C6D33A000BF2A3 /* Main.storyboard in Resources */ = {isa = PBXBuildFile; fileRef = 1479C04928C6D33A000BF2A3 /* Main.storyboard */; };
		1479C04E28C6D33A000BF2A3 /* OneDayTicket.xcdatamodeld in Sources */ = {isa = PBXBuildFile; fileRef = 1479C04C28C6D33A000BF2A3 /* OneDayTicket.xcdatamodeld */; };
		1479C05028C6D33A000BF2A3 /* Assets.xcassets in Resources */ = {isa = PBXBuildFile; fileRef = 1479C04F28C6D33A000BF2A3 /* Assets.xcassets */; };
		1479C05328C6D33A000BF2A3 /* LaunchScreen.storyboard in Resources */ = {isa = PBXBuildFile; fileRef = 1479C05128C6D33A000BF2A3 /* LaunchScreen.storyboard */; };
		1479C0A028C7492C000BF2A3 /* SplashViewController.swift in Sources */ = {isa = PBXBuildFile; fileRef = 1479C09F28C7492C000BF2A3 /* SplashViewController.swift */; };
		14914EC828C9773400DBE6BC /* CheckBox.swift in Sources */ = {isa = PBXBuildFile; fileRef = 14914EC728C9773400DBE6BC /* CheckBox.swift */; };
		14A6B41E28EC1D9C0087A73D /* ScanDataType.swift in Sources */ = {isa = PBXBuildFile; fileRef = 14A6B41D28EC1D9C0087A73D /* ScanDataType.swift */; };
		14B302C628EACEEC00C757C0 /* MainViewController.swift in Sources */ = {isa = PBXBuildFile; fileRef = 14B302C528EACEEC00C757C0 /* MainViewController.swift */; };
		14EB294428EAB04700BA6375 /* LoginDataType.swift in Sources */ = {isa = PBXBuildFile; fileRef = 14EB294328EAB04700BA6375 /* LoginDataType.swift */; };
		14EB294D28EAB8A200BA6375 /* JsonUtil.swift in Sources */ = {isa = PBXBuildFile; fileRef = 14EB294628EAB8A200BA6375 /* JsonUtil.swift */; };
		14EB294E28EAB8A200BA6375 /* UserDefault.swift in Sources */ = {isa = PBXBuildFile; fileRef = 14EB294728EAB8A200BA6375 /* UserDefault.swift */; };
		14EB294F28EAB8A200BA6375 /* Log.swift in Sources */ = {isa = PBXBuildFile; fileRef = 14EB294828EAB8A200BA6375 /* Log.swift */; };
		14EB295028EAB8A200BA6375 /* ClosureSleeve.swift in Sources */ = {isa = PBXBuildFile; fileRef = 14EB294928EAB8A200BA6375 /* ClosureSleeve.swift */; };
		14EB295128EAB8A200BA6375 /* LTFlowLayout.swift in Sources */ = {isa = PBXBuildFile; fileRef = 14EB294A28EAB8A200BA6375 /* LTFlowLayout.swift */; };
		14EB295228EAB8A200BA6375 /* ExampleUtil.swift in Sources */ = {isa = PBXBuildFile; fileRef = 14EB294B28EAB8A200BA6375 /* ExampleUtil.swift */; };
		14EB295328EAB8A200BA6375 /* UnicodeUtil.swift in Sources */ = {isa = PBXBuildFile; fileRef = 14EB294C28EAB8A200BA6375 /* UnicodeUtil.swift */; };
		886FAF4D19312430D7F83E5E /* Pods_onedayticket_ios.framework in Frameworks */ = {isa = PBXBuildFile; fileRef = 752708CF80AD2921675884DC /* Pods_onedayticket_ios.framework */; };
/* End PBXBuildFile section */

/* Begin PBXFileReference section */
		1429550128FD021400C5EDEF /* ForgetPasswordViewModel.swift */ = {isa = PBXFileReference; lastKnownFileType = sourcecode.swift; path = ForgetPasswordViewModel.swift; sourceTree = "<group>"; };
		1429550328FD024E00C5EDEF /* ForgetPasswordDelegate.swift */ = {isa = PBXFileReference; lastKnownFileType = sourcecode.swift; path = ForgetPasswordDelegate.swift; sourceTree = "<group>"; };
		1429550528FD027400C5EDEF /* ForgetPasswordDataType.swift */ = {isa = PBXFileReference; lastKnownFileType = sourcecode.swift; path = ForgetPasswordDataType.swift; sourceTree = "<group>"; };
		143ED23328EA6C99008C1C65 /* UIAlertController+Ext.swift */ = {isa = PBXFileReference; fileEncoding = 4; lastKnownFileType = sourcecode.swift; path = "UIAlertController+Ext.swift"; sourceTree = "<group>"; };
		143ED23428EA6C99008C1C65 /* StringExtension.swift */ = {isa = PBXFileReference; fileEncoding = 4; lastKnownFileType = sourcecode.swift; path = StringExtension.swift; sourceTree = "<group>"; };
		143ED23528EA6C99008C1C65 /* UIViewExtension.swift */ = {isa = PBXFileReference; fileEncoding = 4; lastKnownFileType = sourcecode.swift; path = UIViewExtension.swift; sourceTree = "<group>"; };
		143ED23628EA6C99008C1C65 /* Double+Ext.swift */ = {isa = PBXFileReference; fileEncoding = 4; lastKnownFileType = sourcecode.swift; path = "Double+Ext.swift"; sourceTree = "<group>"; };
		143ED23728EA6C99008C1C65 /* UIDatePicker+Ext.swift */ = {isa = PBXFileReference; fileEncoding = 4; lastKnownFileType = sourcecode.swift; path = "UIDatePicker+Ext.swift"; sourceTree = "<group>"; };
		143ED23828EA6C99008C1C65 /* UIColor+Ext.swift */ = {isa = PBXFileReference; fileEncoding = 4; lastKnownFileType = sourcecode.swift; path = "UIColor+Ext.swift"; sourceTree = "<group>"; };
		143ED24228EA6D81008C1C65 /* en */ = {isa = PBXFileReference; lastKnownFileType = text.plist.strings; name = en; path = Localizable.strings; sourceTree = "<group>"; };
		143ED24528EA6D81008C1C65 /* zh-Hant */ = {isa = PBXFileReference; lastKnownFileType = text.plist.strings; name = "zh-Hant"; path = Localizable.strings; sourceTree = "<group>"; };
		143ED24628EA6D81008C1C65 /* Strings.swift */ = {isa = PBXFileReference; fileEncoding = 4; lastKnownFileType = sourcecode.swift; path = Strings.swift; sourceTree = "<group>"; };
		143ED24A28EA7BC4008C1C65 /* ApiClient.swift */ = {isa = PBXFileReference; fileEncoding = 4; lastKnownFileType = sourcecode.swift; path = ApiClient.swift; sourceTree = "<group>"; };
		143ED24C28EA85F6008C1C65 /* LoginViewModel.swift */ = {isa = PBXFileReference; fileEncoding = 4; lastKnownFileType = sourcecode.swift; path = LoginViewModel.swift; sourceTree = "<group>"; };
		1443106128C8728300715560 /* LoginViewController.swift */ = {isa = PBXFileReference; fileEncoding = 4; lastKnownFileType = sourcecode.swift; path = LoginViewController.swift; sourceTree = "<group>"; };
		145084A328F79CF2004EF237 /* PackageInfoViewController.swift */ = {isa = PBXFileReference; lastKnownFileType = sourcecode.swift; path = PackageInfoViewController.swift; sourceTree = "<group>"; };
		145084A528F79D76004EF237 /* WriteOffRecordViewController.swift */ = {isa = PBXFileReference; lastKnownFileType = sourcecode.swift; path = WriteOffRecordViewController.swift; sourceTree = "<group>"; };
		145084A728F7A13C004EF237 /* UIImage+Ex.swift */ = {isa = PBXFileReference; lastKnownFileType = sourcecode.swift; path = "UIImage+Ex.swift"; sourceTree = "<group>"; };
		145084A928F7AF7B004EF237 /* LoginDelegate.swift */ = {isa = PBXFileReference; lastKnownFileType = sourcecode.swift; path = LoginDelegate.swift; sourceTree = "<group>"; };
		145084AB28F7EB5B004EF237 /* CustomTabBar.swift */ = {isa = PBXFileReference; fileEncoding = 4; lastKnownFileType = sourcecode.swift; path = CustomTabBar.swift; sourceTree = "<group>"; };
		145684E428F6B4C200A9D1D4 /* ForgetPasswordViewController.swift */ = {isa = PBXFileReference; fileEncoding = 4; lastKnownFileType = sourcecode.swift; path = ForgetPasswordViewController.swift; sourceTree = "<group>"; };
		1467E33B28F8F18400E1BA17 /* MainDataType.swift */ = {isa = PBXFileReference; lastKnownFileType = sourcecode.swift; path = MainDataType.swift; sourceTree = "<group>"; };
		1467E33D28F8F2CD00E1BA17 /* MainViewModel.swift */ = {isa = PBXFileReference; lastKnownFileType = sourcecode.swift; path = MainViewModel.swift; sourceTree = "<group>"; };
		1467E33F28F9000D00E1BA17 /* MainDelegate.swift */ = {isa = PBXFileReference; lastKnownFileType = sourcecode.swift; path = MainDelegate.swift; sourceTree = "<group>"; };
		1467E34128F9313500E1BA17 /* MotifyPasswordViewController.swift */ = {isa = PBXFileReference; lastKnownFileType = sourcecode.swift; path = MotifyPasswordViewController.swift; sourceTree = "<group>"; };
		146DEA2C28EA9507005F16A5 /* Dictionary+Ex.swift */ = {isa = PBXFileReference; lastKnownFileType = sourcecode.swift; path = "Dictionary+Ex.swift"; sourceTree = "<group>"; };
		1479C04028C6D33A000BF2A3 /* onedayticket-ios.app */ = {isa = PBXFileReference; explicitFileType = wrapper.application; includeInIndex = 0; path = "onedayticket-ios.app"; sourceTree = BUILT_PRODUCTS_DIR; };
		1479C04328C6D33A000BF2A3 /* AppDelegate.swift */ = {isa = PBXFileReference; lastKnownFileType = sourcecode.swift; path = AppDelegate.swift; sourceTree = "<group>"; };
		1479C04528C6D33A000BF2A3 /* SceneDelegate.swift */ = {isa = PBXFileReference; lastKnownFileType = sourcecode.swift; path = SceneDelegate.swift; sourceTree = "<group>"; };
		1479C04728C6D33A000BF2A3 /* ScannerViewController.swift */ = {isa = PBXFileReference; lastKnownFileType = sourcecode.swift; path = ScannerViewController.swift; sourceTree = "<group>"; };
		1479C04A28C6D33A000BF2A3 /* Base */ = {isa = PBXFileReference; lastKnownFileType = file.storyboard; name = Base; path = Base.lproj/Main.storyboard; sourceTree = "<group>"; };
		1479C04D28C6D33A000BF2A3 /* OneDayTicket.xcdatamodel */ = {isa = PBXFileReference; lastKnownFileType = wrapper.xcdatamodel; path = OneDayTicket.xcdatamodel; sourceTree = "<group>"; };
		1479C04F28C6D33A000BF2A3 /* Assets.xcassets */ = {isa = PBXFileReference; lastKnownFileType = folder.assetcatalog; path = Assets.xcassets; sourceTree = "<group>"; };
		1479C05228C6D33A000BF2A3 /* Base */ = {isa = PBXFileReference; lastKnownFileType = file.storyboard; name = Base; path = Base.lproj/LaunchScreen.storyboard; sourceTree = "<group>"; };
		1479C05428C6D33A000BF2A3 /* Info.plist */ = {isa = PBXFileReference; lastKnownFileType = text.plist.xml; path = Info.plist; sourceTree = "<group>"; };
		1479C09F28C7492C000BF2A3 /* SplashViewController.swift */ = {isa = PBXFileReference; lastKnownFileType = sourcecode.swift; path = SplashViewController.swift; sourceTree = "<group>"; };
		14914EC728C9773400DBE6BC /* CheckBox.swift */ = {isa = PBXFileReference; fileEncoding = 4; lastKnownFileType = sourcecode.swift; path = CheckBox.swift; sourceTree = "<group>"; };
		14A6B41D28EC1D9C0087A73D /* ScanDataType.swift */ = {isa = PBXFileReference; lastKnownFileType = sourcecode.swift; path = ScanDataType.swift; sourceTree = "<group>"; };
		14B302C528EACEEC00C757C0 /* MainViewController.swift */ = {isa = PBXFileReference; lastKnownFileType = sourcecode.swift; path = MainViewController.swift; sourceTree = "<group>"; };
		14EB294328EAB04700BA6375 /* LoginDataType.swift */ = {isa = PBXFileReference; fileEncoding = 4; lastKnownFileType = sourcecode.swift; path = LoginDataType.swift; sourceTree = "<group>"; };
		14EB294628EAB8A200BA6375 /* JsonUtil.swift */ = {isa = PBXFileReference; fileEncoding = 4; lastKnownFileType = sourcecode.swift; path = JsonUtil.swift; sourceTree = "<group>"; };
		14EB294728EAB8A200BA6375 /* UserDefault.swift */ = {isa = PBXFileReference; fileEncoding = 4; lastKnownFileType = sourcecode.swift; path = UserDefault.swift; sourceTree = "<group>"; };
		14EB294828EAB8A200BA6375 /* Log.swift */ = {isa = PBXFileReference; fileEncoding = 4; lastKnownFileType = sourcecode.swift; path = Log.swift; sourceTree = "<group>"; };
		14EB294928EAB8A200BA6375 /* ClosureSleeve.swift */ = {isa = PBXFileReference; fileEncoding = 4; lastKnownFileType = sourcecode.swift; path = ClosureSleeve.swift; sourceTree = "<group>"; };
		14EB294A28EAB8A200BA6375 /* LTFlowLayout.swift */ = {isa = PBXFileReference; fileEncoding = 4; lastKnownFileType = sourcecode.swift; path = LTFlowLayout.swift; sourceTree = "<group>"; };
		14EB294B28EAB8A200BA6375 /* ExampleUtil.swift */ = {isa = PBXFileReference; fileEncoding = 4; lastKnownFileType = sourcecode.swift; path = ExampleUtil.swift; sourceTree = "<group>"; };
		14EB294C28EAB8A200BA6375 /* UnicodeUtil.swift */ = {isa = PBXFileReference; fileEncoding = 4; lastKnownFileType = sourcecode.swift; path = UnicodeUtil.swift; sourceTree = "<group>"; };
		47244CEB819E996AE678537E /* Pods-onedayticket-ios.release.xcconfig */ = {isa = PBXFileReference; includeInIndex = 1; lastKnownFileType = text.xcconfig; name = "Pods-onedayticket-ios.release.xcconfig"; path = "Target Support Files/Pods-onedayticket-ios/Pods-onedayticket-ios.release.xcconfig"; sourceTree = "<group>"; };
		539FBD5459D5803D59BCA3AC /* Pods-onedayticket-ios.debug.xcconfig */ = {isa = PBXFileReference; includeInIndex = 1; lastKnownFileType = text.xcconfig; name = "Pods-onedayticket-ios.debug.xcconfig"; path = "Target Support Files/Pods-onedayticket-ios/Pods-onedayticket-ios.debug.xcconfig"; sourceTree = "<group>"; };
		752708CF80AD2921675884DC /* Pods_onedayticket_ios.framework */ = {isa = PBXFileReference; explicitFileType = wrapper.framework; includeInIndex = 0; path = Pods_onedayticket_ios.framework; sourceTree = BUILT_PRODUCTS_DIR; };
/* End PBXFileReference section */

/* Begin PBXFrameworksBuildPhase section */
		1479C03D28C6D33A000BF2A3 /* Frameworks */ = {
			isa = PBXFrameworksBuildPhase;
			buildActionMask = 2147483647;
			files = (
				886FAF4D19312430D7F83E5E /* Pods_onedayticket_ios.framework in Frameworks */,
			);
			runOnlyForDeploymentPostprocessing = 0;
		};
/* End PBXFrameworksBuildPhase section */

/* Begin PBXGroup section */
		143ED22E28EA6C2E008C1C65 /* ViewModel */ = {
			isa = PBXGroup;
			children = (
				143ED24C28EA85F6008C1C65 /* LoginViewModel.swift */,
				145084A928F7AF7B004EF237 /* LoginDelegate.swift */,
				1467E33D28F8F2CD00E1BA17 /* MainViewModel.swift */,
				1467E33F28F9000D00E1BA17 /* MainDelegate.swift */,
				1429550128FD021400C5EDEF /* ForgetPasswordViewModel.swift */,
				1429550328FD024E00C5EDEF /* ForgetPasswordDelegate.swift */,
			);
			path = ViewModel;
			sourceTree = "<group>";
		};
		143ED22F28EA6C53008C1C65 /* Network */ = {
			isa = PBXGroup;
			children = (
				143ED24A28EA7BC4008C1C65 /* ApiClient.swift */,
			);
			path = Network;
			sourceTree = "<group>";
		};
		143ED23028EA6C61008C1C65 /* View */ = {
			isa = PBXGroup;
			children = (
				145684E428F6B4C200A9D1D4 /* ForgetPasswordViewController.swift */,
				1443106128C8728300715560 /* LoginViewController.swift */,
				1479C09F28C7492C000BF2A3 /* SplashViewController.swift */,
				1479C04728C6D33A000BF2A3 /* ScannerViewController.swift */,
				14B302C528EACEEC00C757C0 /* MainViewController.swift */,
				145084A328F79CF2004EF237 /* PackageInfoViewController.swift */,
				145084A528F79D76004EF237 /* WriteOffRecordViewController.swift */,
				1467E34128F9313500E1BA17 /* MotifyPasswordViewController.swift */,
			);
			path = View;
			sourceTree = "<group>";
		};
		143ED23128EA6C6B008C1C65 /* Model */ = {
			isa = PBXGroup;
			children = (
				14EB294328EAB04700BA6375 /* LoginDataType.swift */,
				14A6B41D28EC1D9C0087A73D /* ScanDataType.swift */,
				1467E33B28F8F18400E1BA17 /* MainDataType.swift */,
				1429550528FD027400C5EDEF /* ForgetPasswordDataType.swift */,
			);
			path = Model;
			sourceTree = "<group>";
		};
		143ED23228EA6C8B008C1C65 /* Extensions */ = {
			isa = PBXGroup;
			children = (
				143ED23628EA6C99008C1C65 /* Double+Ext.swift */,
				143ED23428EA6C99008C1C65 /* StringExtension.swift */,
				143ED23328EA6C99008C1C65 /* UIAlertController+Ext.swift */,
				143ED23828EA6C99008C1C65 /* UIColor+Ext.swift */,
				143ED23728EA6C99008C1C65 /* UIDatePicker+Ext.swift */,
				143ED23528EA6C99008C1C65 /* UIViewExtension.swift */,
				146DEA2C28EA9507005F16A5 /* Dictionary+Ex.swift */,
				145084A728F7A13C004EF237 /* UIImage+Ex.swift */,
			);
			path = Extensions;
			sourceTree = "<group>";
		};
		143ED23F28EA6D43008C1C65 /* Language */ = {
			isa = PBXGroup;
			children = (
				143ED24628EA6D81008C1C65 /* Strings.swift */,
				143ED24028EA6D81008C1C65 /* en.lproj */,
				143ED24328EA6D81008C1C65 /* zh-Hant.lproj */,
			);
			path = Language;
			sourceTree = "<group>";
		};
		143ED24028EA6D81008C1C65 /* en.lproj */ = {
			isa = PBXGroup;
			children = (
				143ED24128EA6D81008C1C65 /* Localizable.strings */,
			);
			path = en.lproj;
			sourceTree = "<group>";
		};
		143ED24328EA6D81008C1C65 /* zh-Hant.lproj */ = {
			isa = PBXGroup;
			children = (
				143ED24428EA6D81008C1C65 /* Localizable.strings */,
			);
			path = "zh-Hant.lproj";
			sourceTree = "<group>";
		};
		1479C03728C6D33A000BF2A3 = {
			isa = PBXGroup;
			children = (
				1479C04228C6D33A000BF2A3 /* OneDayTicket */,
				1479C04128C6D33A000BF2A3 /* Products */,
				4498D2F0E847CD78D1FC69FF /* Pods */,
				3EB2F15BD9F7B3BCECA28DC2 /* Frameworks */,
			);
			sourceTree = "<group>";
		};
		1479C04128C6D33A000BF2A3 /* Products */ = {
			isa = PBXGroup;
			children = (
				1479C04028C6D33A000BF2A3 /* onedayticket-ios.app */,
			);
			name = Products;
			sourceTree = "<group>";
		};
		1479C04228C6D33A000BF2A3 /* OneDayTicket */ = {
			isa = PBXGroup;
			children = (
				14EB294528EAB8A200BA6375 /* Utils */,
				143ED23228EA6C8B008C1C65 /* Extensions */,
				143ED23128EA6C6B008C1C65 /* Model */,
				143ED23028EA6C61008C1C65 /* View */,
				143ED22F28EA6C53008C1C65 /* Network */,
				143ED22E28EA6C2E008C1C65 /* ViewModel */,
				143ED23F28EA6D43008C1C65 /* Language */,
				14914EC728C9773400DBE6BC /* CheckBox.swift */,
				145084AB28F7EB5B004EF237 /* CustomTabBar.swift */,
				1479C04328C6D33A000BF2A3 /* AppDelegate.swift */,
				1479C04528C6D33A000BF2A3 /* SceneDelegate.swift */,
				1479C04928C6D33A000BF2A3 /* Main.storyboard */,
				1479C04F28C6D33A000BF2A3 /* Assets.xcassets */,
				1479C05128C6D33A000BF2A3 /* LaunchScreen.storyboard */,
				1479C05428C6D33A000BF2A3 /* Info.plist */,
				1479C04C28C6D33A000BF2A3 /* OneDayTicket.xcdatamodeld */,
			);
			path = OneDayTicket;
			sourceTree = "<group>";
		};
		14EB294528EAB8A200BA6375 /* Utils */ = {
			isa = PBXGroup;
			children = (
				14EB294628EAB8A200BA6375 /* JsonUtil.swift */,
				14EB294728EAB8A200BA6375 /* UserDefault.swift */,
				14EB294828EAB8A200BA6375 /* Log.swift */,
				14EB294928EAB8A200BA6375 /* ClosureSleeve.swift */,
				14EB294A28EAB8A200BA6375 /* LTFlowLayout.swift */,
				14EB294B28EAB8A200BA6375 /* ExampleUtil.swift */,
				14EB294C28EAB8A200BA6375 /* UnicodeUtil.swift */,
			);
			path = Utils;
			sourceTree = "<group>";
		};
		3EB2F15BD9F7B3BCECA28DC2 /* Frameworks */ = {
			isa = PBXGroup;
			children = (
				752708CF80AD2921675884DC /* Pods_onedayticket_ios.framework */,
			);
			name = Frameworks;
			sourceTree = "<group>";
		};
		4498D2F0E847CD78D1FC69FF /* Pods */ = {
			isa = PBXGroup;
			children = (
				539FBD5459D5803D59BCA3AC /* Pods-onedayticket-ios.debug.xcconfig */,
				47244CEB819E996AE678537E /* Pods-onedayticket-ios.release.xcconfig */,
			);
			path = Pods;
			sourceTree = "<group>";
		};
/* End PBXGroup section */

/* Begin PBXNativeTarget section */
		1479C03F28C6D33A000BF2A3 /* onedayticket-ios */ = {
			isa = PBXNativeTarget;
			buildConfigurationList = 1479C05728C6D33A000BF2A3 /* Build configuration list for PBXNativeTarget "onedayticket-ios" */;
			buildPhases = (
				92BA6CACFE92F51C94B36931 /* [CP] Check Pods Manifest.lock */,
				1479C03C28C6D33A000BF2A3 /* Sources */,
				1479C03D28C6D33A000BF2A3 /* Frameworks */,
				1479C03E28C6D33A000BF2A3 /* Resources */,
				8A6C0C8216D722AED0183A70 /* [CP] Embed Pods Frameworks */,
			);
			buildRules = (
			);
			dependencies = (
			);
			name = "onedayticket-ios";
			productName = OneDayTicket;
			productReference = 1479C04028C6D33A000BF2A3 /* onedayticket-ios.app */;
			productType = "com.apple.product-type.application";
		};
/* End PBXNativeTarget section */

/* Begin PBXProject section */
		1479C03828C6D33A000BF2A3 /* Project object */ = {
			isa = PBXProject;
			attributes = {
				BuildIndependentTargetsInParallel = 1;
				LastSwiftUpdateCheck = 1340;
				LastUpgradeCheck = 1340;
				TargetAttributes = {
					1479C03F28C6D33A000BF2A3 = {
						CreatedOnToolsVersion = 13.4.1;
					};
				};
			};
			buildConfigurationList = 1479C03B28C6D33A000BF2A3 /* Build configuration list for PBXProject "onedayticket-ios" */;
			compatibilityVersion = "Xcode 13.0";
			developmentRegion = en;
			hasScannedForEncodings = 0;
			knownRegions = (
				en,
				Base,
				"zh-Hant",
			);
			mainGroup = 1479C03728C6D33A000BF2A3;
			productRefGroup = 1479C04128C6D33A000BF2A3 /* Products */;
			projectDirPath = "";
			projectRoot = "";
			targets = (
				1479C03F28C6D33A000BF2A3 /* onedayticket-ios */,
			);
		};
/* End PBXProject section */

/* Begin PBXResourcesBuildPhase section */
		1479C03E28C6D33A000BF2A3 /* Resources */ = {
			isa = PBXResourcesBuildPhase;
			buildActionMask = 2147483647;
			files = (
				143ED24828EA6D81008C1C65 /* Localizable.strings in Resources */,
				1479C05328C6D33A000BF2A3 /* LaunchScreen.storyboard in Resources */,
				143ED24728EA6D81008C1C65 /* Localizable.strings in Resources */,
				1479C05028C6D33A000BF2A3 /* Assets.xcassets in Resources */,
				1479C04B28C6D33A000BF2A3 /* Main.storyboard in Resources */,
			);
			runOnlyForDeploymentPostprocessing = 0;
		};
/* End PBXResourcesBuildPhase section */

/* Begin PBXShellScriptBuildPhase section */
		8A6C0C8216D722AED0183A70 /* [CP] Embed Pods Frameworks */ = {
			isa = PBXShellScriptBuildPhase;
			buildActionMask = 2147483647;
			files = (
			);
			inputFileListPaths = (
				"${PODS_ROOT}/Target Support Files/Pods-onedayticket-ios/Pods-onedayticket-ios-frameworks-${CONFIGURATION}-input-files.xcfilelist",
			);
			name = "[CP] Embed Pods Frameworks";
			outputFileListPaths = (
				"${PODS_ROOT}/Target Support Files/Pods-onedayticket-ios/Pods-onedayticket-ios-frameworks-${CONFIGURATION}-output-files.xcfilelist",
			);
			runOnlyForDeploymentPostprocessing = 0;
			shellPath = /bin/sh;
			shellScript = "\"${PODS_ROOT}/Target Support Files/Pods-onedayticket-ios/Pods-onedayticket-ios-frameworks.sh\"\n";
			showEnvVarsInLog = 0;
		};
		92BA6CACFE92F51C94B36931 /* [CP] Check Pods Manifest.lock */ = {
			isa = PBXShellScriptBuildPhase;
			buildActionMask = 2147483647;
			files = (
			);
			inputFileListPaths = (
			);
			inputPaths = (
				"${PODS_PODFILE_DIR_PATH}/Podfile.lock",
				"${PODS_ROOT}/Manifest.lock",
			);
			name = "[CP] Check Pods Manifest.lock";
			outputFileListPaths = (
			);
			outputPaths = (
				"$(DERIVED_FILE_DIR)/Pods-onedayticket-ios-checkManifestLockResult.txt",
			);
			runOnlyForDeploymentPostprocessing = 0;
			shellPath = /bin/sh;
			shellScript = "diff \"${PODS_PODFILE_DIR_PATH}/Podfile.lock\" \"${PODS_ROOT}/Manifest.lock\" > /dev/null\nif [ $? != 0 ] ; then\n    # print error to STDERR\n    echo \"error: The sandbox is not in sync with the Podfile.lock. Run 'pod install' or update your CocoaPods installation.\" >&2\n    exit 1\nfi\n# This output is used by Xcode 'outputs' to avoid re-running this script phase.\necho \"SUCCESS\" > \"${SCRIPT_OUTPUT_FILE_0}\"\n";
			showEnvVarsInLog = 0;
		};
/* End PBXShellScriptBuildPhase section */

/* Begin PBXSourcesBuildPhase section */
		1479C03C28C6D33A000BF2A3 /* Sources */ = {
			isa = PBXSourcesBuildPhase;
			buildActionMask = 2147483647;
			files = (
				1467E33E28F8F2CD00E1BA17 /* MainViewModel.swift in Sources */,
				143ED23B28EA6C99008C1C65 /* UIViewExtension.swift in Sources */,
				14B302C628EACEEC00C757C0 /* MainViewController.swift in Sources */,
				1467E34228F9313500E1BA17 /* MotifyPasswordViewController.swift in Sources */,
				145084AA28F7AF7B004EF237 /* LoginDelegate.swift in Sources */,
				1443106228C8728300715560 /* LoginViewController.swift in Sources */,
				1479C04828C6D33A000BF2A3 /* ScannerViewController.swift in Sources */,
				1479C04E28C6D33A000BF2A3 /* OneDayTicket.xcdatamodeld in Sources */,
				143ED24D28EA85F6008C1C65 /* LoginViewModel.swift in Sources */,
				143ED23C28EA6C99008C1C65 /* Double+Ext.swift in Sources */,
				14914EC828C9773400DBE6BC /* CheckBox.swift in Sources */,
				14EB295028EAB8A200BA6375 /* ClosureSleeve.swift in Sources */,
				145084A628F79D76004EF237 /* WriteOffRecordViewController.swift in Sources */,
				1429550428FD024E00C5EDEF /* ForgetPasswordDelegate.swift in Sources */,
				14EB294428EAB04700BA6375 /* LoginDataType.swift in Sources */,
				14EB294F28EAB8A200BA6375 /* Log.swift in Sources */,
				143ED24928EA6D81008C1C65 /* Strings.swift in Sources */,
				143ED23E28EA6C99008C1C65 /* UIColor+Ext.swift in Sources */,
				143ED23928EA6C99008C1C65 /* UIAlertController+Ext.swift in Sources */,
				143ED23A28EA6C99008C1C65 /* StringExtension.swift in Sources */,
				14EB294E28EAB8A200BA6375 /* UserDefault.swift in Sources */,
				146DEA2D28EA9507005F16A5 /* Dictionary+Ex.swift in Sources */,
				14EB294D28EAB8A200BA6375 /* JsonUtil.swift in Sources */,
				1467E33C28F8F18400E1BA17 /* MainDataType.swift in Sources */,
				145684E528F6B4C200A9D1D4 /* ForgetPasswordViewController.swift in Sources */,
				1479C04428C6D33A000BF2A3 /* AppDelegate.swift in Sources */,
				14EB295328EAB8A200BA6375 /* UnicodeUtil.swift in Sources */,
				1429550228FD021400C5EDEF /* ForgetPasswordViewModel.swift in Sources */,
				1479C04628C6D33A000BF2A3 /* SceneDelegate.swift in Sources */,
				1479C0A028C7492C000BF2A3 /* SplashViewController.swift in Sources */,
				145084AC28F7EB5B004EF237 /* CustomTabBar.swift in Sources */,
				145084A428F79CF2004EF237 /* PackageInfoViewController.swift in Sources */,
				14EB295128EAB8A200BA6375 /* LTFlowLayout.swift in Sources */,
				143ED23D28EA6C99008C1C65 /* UIDatePicker+Ext.swift in Sources */,
				14A6B41E28EC1D9C0087A73D /* ScanDataType.swift in Sources */,
				145084A828F7A13C004EF237 /* UIImage+Ex.swift in Sources */,
				1467E34028F9000D00E1BA17 /* MainDelegate.swift in Sources */,
				1429550628FD027400C5EDEF /* ForgetPasswordDataType.swift in Sources */,
				14EB295228EAB8A200BA6375 /* ExampleUtil.swift in Sources */,
				143ED24B28EA7BC4008C1C65 /* ApiClient.swift in Sources */,
			);
			runOnlyForDeploymentPostprocessing = 0;
		};
/* End PBXSourcesBuildPhase section */

/* Begin PBXVariantGroup section */
		143ED24128EA6D81008C1C65 /* Localizable.strings */ = {
			isa = PBXVariantGroup;
			children = (
				143ED24228EA6D81008C1C65 /* en */,
			);
			name = Localizable.strings;
			sourceTree = "<group>";
		};
		143ED24428EA6D81008C1C65 /* Localizable.strings */ = {
			isa = PBXVariantGroup;
			children = (
				143ED24528EA6D81008C1C65 /* zh-Hant */,
			);
			name = Localizable.strings;
			sourceTree = "<group>";
		};
		1479C04928C6D33A000BF2A3 /* Main.storyboard */ = {
			isa = PBXVariantGroup;
			children = (
				1479C04A28C6D33A000BF2A3 /* Base */,
			);
			name = Main.storyboard;
			sourceTree = "<group>";
		};
		1479C05128C6D33A000BF2A3 /* LaunchScreen.storyboard */ = {
			isa = PBXVariantGroup;
			children = (
				1479C05228C6D33A000BF2A3 /* Base */,
			);
			name = LaunchScreen.storyboard;
			sourceTree = "<group>";
		};
/* End PBXVariantGroup section */

/* Begin XCBuildConfiguration section */
		1479C05528C6D33A000BF2A3 /* Debug */ = {
			isa = XCBuildConfiguration;
			buildSettings = {
				ALWAYS_SEARCH_USER_PATHS = NO;
				CLANG_ANALYZER_NONNULL = YES;
				CLANG_ANALYZER_NUMBER_OBJECT_CONVERSION = YES_AGGRESSIVE;
				CLANG_CXX_LANGUAGE_STANDARD = "gnu++17";
				CLANG_ENABLE_MODULES = YES;
				CLANG_ENABLE_OBJC_ARC = YES;
				CLANG_ENABLE_OBJC_WEAK = YES;
				CLANG_WARN_BLOCK_CAPTURE_AUTORELEASING = YES;
				CLANG_WARN_BOOL_CONVERSION = YES;
				CLANG_WARN_COMMA = YES;
				CLANG_WARN_CONSTANT_CONVERSION = YES;
				CLANG_WARN_DEPRECATED_OBJC_IMPLEMENTATIONS = YES;
				CLANG_WARN_DIRECT_OBJC_ISA_USAGE = YES_ERROR;
				CLANG_WARN_DOCUMENTATION_COMMENTS = YES;
				CLANG_WARN_EMPTY_BODY = YES;
				CLANG_WARN_ENUM_CONVERSION = YES;
				CLANG_WARN_INFINITE_RECURSION = YES;
				CLANG_WARN_INT_CONVERSION = YES;
				CLANG_WARN_NON_LITERAL_NULL_CONVERSION = YES;
				CLANG_WARN_OBJC_IMPLICIT_RETAIN_SELF = YES;
				CLANG_WARN_OBJC_LITERAL_CONVERSION = YES;
				CLANG_WARN_OBJC_ROOT_CLASS = YES_ERROR;
				CLANG_WARN_QUOTED_INCLUDE_IN_FRAMEWORK_HEADER = YES;
				CLANG_WARN_RANGE_LOOP_ANALYSIS = YES;
				CLANG_WARN_STRICT_PROTOTYPES = YES;
				CLANG_WARN_SUSPICIOUS_MOVE = YES;
				CLANG_WARN_UNGUARDED_AVAILABILITY = YES_AGGRESSIVE;
				CLANG_WARN_UNREACHABLE_CODE = YES;
				CLANG_WARN__DUPLICATE_METHOD_MATCH = YES;
				COPY_PHASE_STRIP = NO;
				DEBUG_INFORMATION_FORMAT = dwarf;
				ENABLE_STRICT_OBJC_MSGSEND = YES;
				ENABLE_TESTABILITY = YES;
				GCC_C_LANGUAGE_STANDARD = gnu11;
				GCC_DYNAMIC_NO_PIC = NO;
				GCC_NO_COMMON_BLOCKS = YES;
				GCC_OPTIMIZATION_LEVEL = 0;
				GCC_PREPROCESSOR_DEFINITIONS = (
					"DEBUG=1",
					"$(inherited)",
				);
				GCC_WARN_64_TO_32_BIT_CONVERSION = YES;
				GCC_WARN_ABOUT_RETURN_TYPE = YES_ERROR;
				GCC_WARN_UNDECLARED_SELECTOR = YES;
				GCC_WARN_UNINITIALIZED_AUTOS = YES_AGGRESSIVE;
				GCC_WARN_UNUSED_FUNCTION = YES;
				GCC_WARN_UNUSED_VARIABLE = YES;
				IPHONEOS_DEPLOYMENT_TARGET = 15.5;
				MTL_ENABLE_DEBUG_INFO = INCLUDE_SOURCE;
				MTL_FAST_MATH = YES;
				ONLY_ACTIVE_ARCH = YES;
				SDKROOT = iphoneos;
				SWIFT_ACTIVE_COMPILATION_CONDITIONS = DEBUG;
				SWIFT_OPTIMIZATION_LEVEL = "-Onone";
			};
			name = Debug;
		};
		1479C05628C6D33A000BF2A3 /* Release */ = {
			isa = XCBuildConfiguration;
			buildSettings = {
				ALWAYS_SEARCH_USER_PATHS = NO;
				CLANG_ANALYZER_NONNULL = YES;
				CLANG_ANALYZER_NUMBER_OBJECT_CONVERSION = YES_AGGRESSIVE;
				CLANG_CXX_LANGUAGE_STANDARD = "gnu++17";
				CLANG_ENABLE_MODULES = YES;
				CLANG_ENABLE_OBJC_ARC = YES;
				CLANG_ENABLE_OBJC_WEAK = YES;
				CLANG_WARN_BLOCK_CAPTURE_AUTORELEASING = YES;
				CLANG_WARN_BOOL_CONVERSION = YES;
				CLANG_WARN_COMMA = YES;
				CLANG_WARN_CONSTANT_CONVERSION = YES;
				CLANG_WARN_DEPRECATED_OBJC_IMPLEMENTATIONS = YES;
				CLANG_WARN_DIRECT_OBJC_ISA_USAGE = YES_ERROR;
				CLANG_WARN_DOCUMENTATION_COMMENTS = YES;
				CLANG_WARN_EMPTY_BODY = YES;
				CLANG_WARN_ENUM_CONVERSION = YES;
				CLANG_WARN_INFINITE_RECURSION = YES;
				CLANG_WARN_INT_CONVERSION = YES;
				CLANG_WARN_NON_LITERAL_NULL_CONVERSION = YES;
				CLANG_WARN_OBJC_IMPLICIT_RETAIN_SELF = YES;
				CLANG_WARN_OBJC_LITERAL_CONVERSION = YES;
				CLANG_WARN_OBJC_ROOT_CLASS = YES_ERROR;
				CLANG_WARN_QUOTED_INCLUDE_IN_FRAMEWORK_HEADER = YES;
				CLANG_WARN_RANGE_LOOP_ANALYSIS = YES;
				CLANG_WARN_STRICT_PROTOTYPES = YES;
				CLANG_WARN_SUSPICIOUS_MOVE = YES;
				CLANG_WARN_UNGUARDED_AVAILABILITY = YES_AGGRESSIVE;
				CLANG_WARN_UNREACHABLE_CODE = YES;
				CLANG_WARN__DUPLICATE_METHOD_MATCH = YES;
				COPY_PHASE_STRIP = NO;
				DEBUG_INFORMATION_FORMAT = "dwarf-with-dsym";
				ENABLE_NS_ASSERTIONS = NO;
				ENABLE_STRICT_OBJC_MSGSEND = YES;
				GCC_C_LANGUAGE_STANDARD = gnu11;
				GCC_NO_COMMON_BLOCKS = YES;
				GCC_WARN_64_TO_32_BIT_CONVERSION = YES;
				GCC_WARN_ABOUT_RETURN_TYPE = YES_ERROR;
				GCC_WARN_UNDECLARED_SELECTOR = YES;
				GCC_WARN_UNINITIALIZED_AUTOS = YES_AGGRESSIVE;
				GCC_WARN_UNUSED_FUNCTION = YES;
				GCC_WARN_UNUSED_VARIABLE = YES;
				IPHONEOS_DEPLOYMENT_TARGET = 15.5;
				MTL_ENABLE_DEBUG_INFO = NO;
				MTL_FAST_MATH = YES;
				SDKROOT = iphoneos;
				SWIFT_COMPILATION_MODE = wholemodule;
				SWIFT_OPTIMIZATION_LEVEL = "-O";
				VALIDATE_PRODUCT = YES;
			};
			name = Release;
		};
		1479C05828C6D33A000BF2A3 /* Debug */ = {
			isa = XCBuildConfiguration;
			baseConfigurationReference = 539FBD5459D5803D59BCA3AC /* Pods-onedayticket-ios.debug.xcconfig */;
			buildSettings = {
				ASSETCATALOG_COMPILER_APPICON_NAME = AppIcon;
				ASSETCATALOG_COMPILER_GLOBAL_ACCENT_COLOR_NAME = AccentColor;
				ASSETCATALOG_COMPILER_INCLUDE_ALL_APPICON_ASSETS = NO;
				CODE_SIGN_STYLE = Automatic;
				CURRENT_PROJECT_VERSION = 5;
				DEVELOPMENT_TEAM = 8V8G7US8XU;
				GENERATE_INFOPLIST_FILE = YES;
				INFOPLIST_FILE = OneDayTicket/Info.plist;
				INFOPLIST_KEY_CFBundleDisplayName = "Oride套票管理平台";
				INFOPLIST_KEY_NSCameraUsageDescription = "We need to access your camera for scanning QR code.";
				INFOPLIST_KEY_UIApplicationSupportsIndirectInputEvents = YES;
				INFOPLIST_KEY_UILaunchStoryboardName = LaunchScreen;
				INFOPLIST_KEY_UIMainStoryboardFile = Main;
				INFOPLIST_KEY_UISupportedInterfaceOrientations = "UIInterfaceOrientationPortrait UIInterfaceOrientationLandscapeLeft UIInterfaceOrientationLandscapeRight";
				INFOPLIST_KEY_UISupportedInterfaceOrientations_iPad = "UIInterfaceOrientationPortrait UIInterfaceOrientationPortraitUpsideDown UIInterfaceOrientationLandscapeLeft UIInterfaceOrientationLandscapeRight";
				INFOPLIST_KEY_UISupportedInterfaceOrientations_iPhone = "UIInterfaceOrientationPortrait UIInterfaceOrientationLandscapeLeft UIInterfaceOrientationLandscapeRight";
				LD_RUNPATH_SEARCH_PATHS = (
					"$(inherited)",
					"@executable_path/Frameworks",
				);
				MARKETING_VERSION = 1.0;
				PRODUCT_BUNDLE_IDENTIFIER = com.jwiseinc.onedayticket1;
				PRODUCT_NAME = "$(TARGET_NAME)";
				SWIFT_EMIT_LOC_STRINGS = YES;
				SWIFT_VERSION = 5.0;
				TARGETED_DEVICE_FAMILY = 1;
			};
			name = Debug;
		};
		1479C05928C6D33A000BF2A3 /* Release */ = {
			isa = XCBuildConfiguration;
			baseConfigurationReference = 47244CEB819E996AE678537E /* Pods-onedayticket-ios.release.xcconfig */;
			buildSettings = {
				ASSETCATALOG_COMPILER_APPICON_NAME = AppIcon;
				ASSETCATALOG_COMPILER_GLOBAL_ACCENT_COLOR_NAME = AccentColor;
				ASSETCATALOG_COMPILER_INCLUDE_ALL_APPICON_ASSETS = NO;
				CODE_SIGN_STYLE = Automatic;
				CURRENT_PROJECT_VERSION = 5;
				DEVELOPMENT_TEAM = 8V8G7US8XU;
				GENERATE_INFOPLIST_FILE = YES;
				INFOPLIST_FILE = OneDayTicket/Info.plist;
				INFOPLIST_KEY_CFBundleDisplayName = "Oride套票管理平台";
				INFOPLIST_KEY_NSCameraUsageDescription = "We need to access your camera for scanning QR code.";
				INFOPLIST_KEY_UIApplicationSupportsIndirectInputEvents = YES;
				INFOPLIST_KEY_UILaunchStoryboardName = LaunchScreen;
				INFOPLIST_KEY_UIMainStoryboardFile = Main;
				INFOPLIST_KEY_UISupportedInterfaceOrientations = "UIInterfaceOrientationPortrait UIInterfaceOrientationLandscapeLeft UIInterfaceOrientationLandscapeRight";
				INFOPLIST_KEY_UISupportedInterfaceOrientations_iPad = "UIInterfaceOrientationPortrait UIInterfaceOrientationPortraitUpsideDown UIInterfaceOrientationLandscapeLeft UIInterfaceOrientationLandscapeRight";
				INFOPLIST_KEY_UISupportedInterfaceOrientations_iPhone = "UIInterfaceOrientationPortrait UIInterfaceOrientationLandscapeLeft UIInterfaceOrientationLandscapeRight";
				LD_RUNPATH_SEARCH_PATHS = (
					"$(inherited)",
					"@executable_path/Frameworks",
				);
				MARKETING_VERSION = 1.0;
				PRODUCT_BUNDLE_IDENTIFIER = com.jwiseinc.onedayticket1;
				PRODUCT_NAME = "$(TARGET_NAME)";
				SWIFT_EMIT_LOC_STRINGS = YES;
				SWIFT_VERSION = 5.0;
				TARGETED_DEVICE_FAMILY = 1;
			};
			name = Release;
		};
/* End XCBuildConfiguration section */

/* Begin XCConfigurationList section */
		1479C03B28C6D33A000BF2A3 /* Build configuration list for PBXProject "onedayticket-ios" */ = {
			isa = XCConfigurationList;
			buildConfigurations = (
				1479C05528C6D33A000BF2A3 /* Debug */,
				1479C05628C6D33A000BF2A3 /* Release */,
			);
			defaultConfigurationIsVisible = 0;
			defaultConfigurationName = Release;
		};
		1479C05728C6D33A000BF2A3 /* Build configuration list for PBXNativeTarget "onedayticket-ios" */ = {
			isa = XCConfigurationList;
			buildConfigurations = (
				1479C05828C6D33A000BF2A3 /* Debug */,
				1479C05928C6D33A000BF2A3 /* Release */,
			);
			defaultConfigurationIsVisible = 0;
			defaultConfigurationName = Release;
		};
/* End XCConfigurationList section */

/* Begin XCVersionGroup section */
		1479C04C28C6D33A000BF2A3 /* OneDayTicket.xcdatamodeld */ = {
			isa = XCVersionGroup;
			children = (
				1479C04D28C6D33A000BF2A3 /* OneDayTicket.xcdatamodel */,
			);
			currentVersion = 1479C04D28C6D33A000BF2A3 /* OneDayTicket.xcdatamodel */;
			path = OneDayTicket.xcdatamodeld;
			sourceTree = "<group>";
			versionGroupType = wrapper.xcdatamodel;
		};
/* End XCVersionGroup section */
	};
	rootObject = 1479C03828C6D33A000BF2A3 /* Project object */;
}
