// !$*UTF8*$!
{
	archiveVersion = 1;
	classes = {
	};
	objectVersion = 55;
	objects = {

/* Begin PBXBuildFile section */
		1443106228C8728300715560 /* LoginViewController.swift in Sources */ = {isa = PBXBuildFile; fileRef = 1443106128C8728300715560 /* LoginViewController.swift */; };
		1479C04428C6D33A000BF2A3 /* AppDelegate.swift in Sources */ = {isa = PBXBuildFile; fileRef = 1479C04328C6D33A000BF2A3 /* AppDelegate.swift */; };
		1479C04628C6D33A000BF2A3 /* SceneDelegate.swift in Sources */ = {isa = PBXBuildFile; fileRef = 1479C04528C6D33A000BF2A3 /* SceneDelegate.swift */; };
		1479C04828C6D33A000BF2A3 /* ScannerViewController.swift in Sources */ = {isa = PBXBuildFile; fileRef = 1479C04728C6D33A000BF2A3 /* ScannerViewController.swift */; };
		1479C04B28C6D33A000BF2A3 /* Main.storyboard in Resources */ = {isa = PBXBuildFile; fileRef = 1479C04928C6D33A000BF2A3 /* Main.storyboard */; };
		1479C04E28C6D33A000BF2A3 /* OneDayTicket.xcdatamodeld in Sources */ = {isa = PBXBuildFile; fileRef = 1479C04C28C6D33A000BF2A3 /* OneDayTicket.xcdatamodeld */; };
		1479C05028C6D33A000BF2A3 /* Assets.xcassets in Resources */ = {isa = PBXBuildFile; fileRef = 1479C04F28C6D33A000BF2A3 /* Assets.xcassets */; };
		1479C05328C6D33A000BF2A3 /* LaunchScreen.storyboard in Resources */ = {isa = PBXBuildFile; fileRef = 1479C05128C6D33A000BF2A3 /* LaunchScreen.storyboard */; };
		1479C0A028C7492C000BF2A3 /* SplashViewController.swift in Sources */ = {isa = PBXBuildFile; fileRef = 1479C09F28C7492C000BF2A3 /* SplashViewController.swift */; };
/* End PBXBuildFile section */

/* Begin PBXFileReference section */
		1443106128C8728300715560 /* LoginViewController.swift */ = {isa = PBXFileReference; fileEncoding = 4; lastKnownFileType = sourcecode.swift; path = LoginViewController.swift; sourceTree = "<group>"; };
		1479C04028C6D33A000BF2A3 /* onedayticket-ios.app */ = {isa = PBXFileReference; explicitFileType = wrapper.application; includeInIndex = 0; path = "onedayticket-ios.app"; sourceTree = BUILT_PRODUCTS_DIR; };
		1479C04328C6D33A000BF2A3 /* AppDelegate.swift */ = {isa = PBXFileReference; lastKnownFileType = sourcecode.swift; path = AppDelegate.swift; sourceTree = "<group>"; };
		1479C04528C6D33A000BF2A3 /* SceneDelegate.swift */ = {isa = PBXFileReference; lastKnownFileType = sourcecode.swift; path = SceneDelegate.swift; sourceTree = "<group>"; };
		1479C04728C6D33A000BF2A3 /* ScannerViewController.swift */ = {isa = PBXFileReference; lastKnownFileType = sourcecode.swift; path = ScannerViewController.swift; sourceTree = "<group>"; };
		1479C04A28C6D33A000BF2A3 /* Base */ = {isa = PBXFileReference; lastKnownFileType = file.storyboard; name = Base; path = Base.lproj/Main.storyboard; sourceTree = "<group>"; };
		1479C04D28C6D33A000BF2A3 /* OneDayTicket.xcdatamodel */ = {isa = PBXFileReference; lastKnownFileType = wrapper.xcdatamodel; path = OneDayTicket.xcdatamodel; sourceTree = "<group>"; };
		1479C04F28C6D33A000BF2A3 /* Assets.xcassets */ = {isa = PBXFileReference; lastKnownFileType = folder.assetcatalog; path = Assets.xcassets; sourceTree = "<group>"; };
		1479C05228C6D33A000BF2A3 /* Base */ = {isa = PBXFileReference; lastKnownFileType = file.storyboard; name = Base; path = Base.lproj/LaunchScreen.storyboard; sourceTree = "<group>"; };
		1479C05428C6D33A000BF2A3 /* Info.plist */ = {isa = PBXFileReference; lastKnownFileType = text.plist.xml; path = Info.plist; sourceTree = "<group>"; };
		1479C09F28C7492C000BF2A3 /* SplashViewController.swift */ = {isa = PBXFileReference; lastKnownFileType = sourcecode.swift; path = SplashViewController.swift; sourceTree = "<group>"; };
/* End PBXFileReference section */

/* Begin PBXFrameworksBuildPhase section */
		1479C03D28C6D33A000BF2A3 /* Frameworks */ = {
			isa = PBXFrameworksBuildPhase;
			buildActionMask = 2147483647;
			files = (
			);
			runOnlyForDeploymentPostprocessing = 0;
		};
/* End PBXFrameworksBuildPhase section */

/* Begin PBXGroup section */
		1479C03728C6D33A000BF2A3 = {
			isa = PBXGroup;
			children = (
				1479C04228C6D33A000BF2A3 /* OneDayTicket */,
				1479C04128C6D33A000BF2A3 /* Products */,
			);
			sourceTree = "<group>";
		};
		1479C04128C6D33A000BF2A3 /* Products */ = {
			isa = PBXGroup;
			children = (
				1479C04028C6D33A000BF2A3 /* onedayticket-ios.app */,
			);
			name = Products;
			sourceTree = "<group>";
		};
		1479C04228C6D33A000BF2A3 /* OneDayTicket */ = {
			isa = PBXGroup;
			children = (
				1479C04328C6D33A000BF2A3 /* AppDelegate.swift */,
				1443106128C8728300715560 /* LoginViewController.swift */,
				1479C04528C6D33A000BF2A3 /* SceneDelegate.swift */,
				1479C09F28C7492C000BF2A3 /* SplashViewController.swift */,
				1479C04728C6D33A000BF2A3 /* ScannerViewController.swift */,
				1479C04928C6D33A000BF2A3 /* Main.storyboard */,
				1479C04F28C6D33A000BF2A3 /* Assets.xcassets */,
				1479C05128C6D33A000BF2A3 /* LaunchScreen.storyboard */,
				1479C05428C6D33A000BF2A3 /* Info.plist */,
				1479C04C28C6D33A000BF2A3 /* OneDayTicket.xcdatamodeld */,
			);
			path = OneDayTicket;
			sourceTree = "<group>";
		};
/* End PBXGroup section */

/* Begin PBXNativeTarget section */
		1479C03F28C6D33A000BF2A3 /* onedayticket-ios */ = {
			isa = PBXNativeTarget;
			buildConfigurationList = 1479C05728C6D33A000BF2A3 /* Build configuration list for PBXNativeTarget "onedayticket-ios" */;
			buildPhases = (
				1479C03C28C6D33A000BF2A3 /* Sources */,
				1479C03D28C6D33A000BF2A3 /* Frameworks */,
				1479C03E28C6D33A000BF2A3 /* Resources */,
			);
			buildRules = (
			);
			dependencies = (
			);
			name = "onedayticket-ios";
			productName = OneDayTicket;
			productReference = 1479C04028C6D33A000BF2A3 /* onedayticket-ios.app */;
			productType = "com.apple.product-type.application";
		};
/* End PBXNativeTarget section */

/* Begin PBXProject section */
		1479C03828C6D33A000BF2A3 /* Project object */ = {
			isa = PBXProject;
			attributes = {
				BuildIndependentTargetsInParallel = 1;
				LastSwiftUpdateCheck = 1340;
				LastUpgradeCheck = 1340;
				TargetAttributes = {
					1479C03F28C6D33A000BF2A3 = {
						CreatedOnToolsVersion = 13.4.1;
					};
				};
			};
			buildConfigurationList = 1479C03B28C6D33A000BF2A3 /* Build configuration list for PBXProject "onedayticket-ios" */;
			compatibilityVersion = "Xcode 13.0";
			developmentRegion = en;
			hasScannedForEncodings = 0;
			knownRegions = (
				en,
				Base,
			);
			mainGroup = 1479C03728C6D33A000BF2A3;
			productRefGroup = 1479C04128C6D33A000BF2A3 /* Products */;
			projectDirPath = "";
			projectRoot = "";
			targets = (
				1479C03F28C6D33A000BF2A3 /* onedayticket-ios */,
			);
		};
/* End PBXProject section */

/* Begin PBXResourcesBuildPhase section */
		1479C03E28C6D33A000BF2A3 /* Resources */ = {
			isa = PBXResourcesBuildPhase;
			buildActionMask = 2147483647;
			files = (
				1479C05328C6D33A000BF2A3 /* LaunchScreen.storyboard in Resources */,
				1479C05028C6D33A000BF2A3 /* Assets.xcassets in Resources */,
				1479C04B28C6D33A000BF2A3 /* Main.storyboard in Resources */,
			);
			runOnlyForDeploymentPostprocessing = 0;
		};
/* End PBXResourcesBuildPhase section */

/* Begin PBXSourcesBuildPhase section */
		1479C03C28C6D33A000BF2A3 /* Sources */ = {
			isa = PBXSourcesBuildPhase;
			buildActionMask = 2147483647;
			files = (
				1443106228C8728300715560 /* LoginViewController.swift in Sources */,
				1479C04828C6D33A000BF2A3 /* ScannerViewController.swift in Sources */,
				1479C04E28C6D33A000BF2A3 /* OneDayTicket.xcdatamodeld in Sources */,
				1479C04428C6D33A000BF2A3 /* AppDelegate.swift in Sources */,
				1479C04628C6D33A000BF2A3 /* SceneDelegate.swift in Sources */,
				1479C0A028C7492C000BF2A3 /* SplashViewController.swift in Sources */,
			);
			runOnlyForDeploymentPostprocessing = 0;
		};
/* End PBXSourcesBuildPhase section */

/* Begin PBXVariantGroup section */
		1479C04928C6D33A000BF2A3 /* Main.storyboard */ = {
			isa = PBXVariantGroup;
			children = (
				1479C04A28C6D33A000BF2A3 /* Base */,
			);
			name = Main.storyboard;
			sourceTree = "<group>";
		};
		1479C05128C6D33A000BF2A3 /* LaunchScreen.storyboard */ = {
			isa = PBXVariantGroup;
			children = (
				1479C05228C6D33A000BF2A3 /* Base */,
			);
			name = LaunchScreen.storyboard;
			sourceTree = "<group>";
		};
/* End PBXVariantGroup section */

/* Begin XCBuildConfiguration section */
		1479C05528C6D33A000BF2A3 /* Debug */ = {
			isa = XCBuildConfiguration;
			buildSettings = {
				ALWAYS_SEARCH_USER_PATHS = NO;
				CLANG_ANALYZER_NONNULL = YES;
				CLANG_ANALYZER_NUMBER_OBJECT_CONVERSION = YES_AGGRESSIVE;
				CLANG_CXX_LANGUAGE_STANDARD = "gnu++17";
				CLANG_ENABLE_MODULES = YES;
				CLANG_ENABLE_OBJC_ARC = YES;
				CLANG_ENABLE_OBJC_WEAK = YES;
				CLANG_WARN_BLOCK_CAPTURE_AUTORELEASING = YES;
				CLANG_WARN_BOOL_CONVERSION = YES;
				CLANG_WARN_COMMA = YES;
				CLANG_WARN_CONSTANT_CONVERSION = YES;
				CLANG_WARN_DEPRECATED_OBJC_IMPLEMENTATIONS = YES;
				CLANG_WARN_DIRECT_OBJC_ISA_USAGE = YES_ERROR;
				CLANG_WARN_DOCUMENTATION_COMMENTS = YES;
				CLANG_WARN_EMPTY_BODY = YES;
				CLANG_WARN_ENUM_CONVERSION = YES;
				CLANG_WARN_INFINITE_RECURSION = YES;
				CLANG_WARN_INT_CONVERSION = YES;
				CLANG_WARN_NON_LITERAL_NULL_CONVERSION = YES;
				CLANG_WARN_OBJC_IMPLICIT_RETAIN_SELF = YES;
				CLANG_WARN_OBJC_LITERAL_CONVERSION = YES;
				CLANG_WARN_OBJC_ROOT_CLASS = YES_ERROR;
				CLANG_WARN_QUOTED_INCLUDE_IN_FRAMEWORK_HEADER = YES;
				CLANG_WARN_RANGE_LOOP_ANALYSIS = YES;
				CLANG_WARN_STRICT_PROTOTYPES = YES;
				CLANG_WARN_SUSPICIOUS_MOVE = YES;
				CLANG_WARN_UNGUARDED_AVAILABILITY = YES_AGGRESSIVE;
				CLANG_WARN_UNREACHABLE_CODE = YES;
				CLANG_WARN__DUPLICATE_METHOD_MATCH = YES;
				COPY_PHASE_STRIP = NO;
				DEBUG_INFORMATION_FORMAT = dwarf;
				ENABLE_STRICT_OBJC_MSGSEND = YES;
				ENABLE_TESTABILITY = YES;
				GCC_C_LANGUAGE_STANDARD = gnu11;
				GCC_DYNAMIC_NO_PIC = NO;
				GCC_NO_COMMON_BLOCKS = YES;
				GCC_OPTIMIZATION_LEVEL = 0;
				GCC_PREPROCESSOR_DEFINITIONS = (
					"DEBUG=1",
					"$(inherited)",
				);
				GCC_WARN_64_TO_32_BIT_CONVERSION = YES;
				GCC_WARN_ABOUT_RETURN_TYPE = YES_ERROR;
				GCC_WARN_UNDECLARED_SELECTOR = YES;
				GCC_WARN_UNINITIALIZED_AUTOS = YES_AGGRESSIVE;
				GCC_WARN_UNUSED_FUNCTION = YES;
				GCC_WARN_UNUSED_VARIABLE = YES;
				IPHONEOS_DEPLOYMENT_TARGET = 15.5;
				MTL_ENABLE_DEBUG_INFO = INCLUDE_SOURCE;
				MTL_FAST_MATH = YES;
				ONLY_ACTIVE_ARCH = YES;
				SDKROOT = iphoneos;
				SWIFT_ACTIVE_COMPILATION_CONDITIONS = DEBUG;
				SWIFT_OPTIMIZATION_LEVEL = "-Onone";
			};
			name = Debug;
		};
		1479C05628C6D33A000BF2A3 /* Release */ = {
			isa = XCBuildConfiguration;
			buildSettings = {
				ALWAYS_SEARCH_USER_PATHS = NO;
				CLANG_ANALYZER_NONNULL = YES;
				CLANG_ANALYZER_NUMBER_OBJECT_CONVERSION = YES_AGGRESSIVE;
				CLANG_CXX_LANGUAGE_STANDARD = "gnu++17";
				CLANG_ENABLE_MODULES = YES;
				CLANG_ENABLE_OBJC_ARC = YES;
				CLANG_ENABLE_OBJC_WEAK = YES;
				CLANG_WARN_BLOCK_CAPTURE_AUTORELEASING = YES;
				CLANG_WARN_BOOL_CONVERSION = YES;
				CLANG_WARN_COMMA = YES;
				CLANG_WARN_CONSTANT_CONVERSION = YES;
				CLANG_WARN_DEPRECATED_OBJC_IMPLEMENTATIONS = YES;
				CLANG_WARN_DIRECT_OBJC_ISA_USAGE = YES_ERROR;
				CLANG_WARN_DOCUMENTATION_COMMENTS = YES;
				CLANG_WARN_EMPTY_BODY = YES;
				CLANG_WARN_ENUM_CONVERSION = YES;
				CLANG_WARN_INFINITE_RECURSION = YES;
				CLANG_WARN_INT_CONVERSION = YES;
				CLANG_WARN_NON_LITERAL_NULL_CONVERSION = YES;
				CLANG_WARN_OBJC_IMPLICIT_RETAIN_SELF = YES;
				CLANG_WARN_OBJC_LITERAL_CONVERSION = YES;
				CLANG_WARN_OBJC_ROOT_CLASS = YES_ERROR;
				CLANG_WARN_QUOTED_INCLUDE_IN_FRAMEWORK_HEADER = YES;
				CLANG_WARN_RANGE_LOOP_ANALYSIS = YES;
				CLANG_WARN_STRICT_PROTOTYPES = YES;
				CLANG_WARN_SUSPICIOUS_MOVE = YES;
				CLANG_WARN_UNGUARDED_AVAILABILITY = YES_AGGRESSIVE;
				CLANG_WARN_UNREACHABLE_CODE = YES;
				CLANG_WARN__DUPLICATE_METHOD_MATCH = YES;
				COPY_PHASE_STRIP = NO;
				DEBUG_INFORMATION_FORMAT = "dwarf-with-dsym";
				ENABLE_NS_ASSERTIONS = NO;
				ENABLE_STRICT_OBJC_MSGSEND = YES;
				GCC_C_LANGUAGE_STANDARD = gnu11;
				GCC_NO_COMMON_BLOCKS = YES;
				GCC_WARN_64_TO_32_BIT_CONVERSION = YES;
				GCC_WARN_ABOUT_RETURN_TYPE = YES_ERROR;
				GCC_WARN_UNDECLARED_SELECTOR = YES;
				GCC_WARN_UNINITIALIZED_AUTOS = YES_AGGRESSIVE;
				GCC_WARN_UNUSED_FUNCTION = YES;
				GCC_WARN_UNUSED_VARIABLE = YES;
				IPHONEOS_DEPLOYMENT_TARGET = 15.5;
				MTL_ENABLE_DEBUG_INFO = NO;
				MTL_FAST_MATH = YES;
				SDKROOT = iphoneos;
				SWIFT_COMPILATION_MODE = wholemodule;
				SWIFT_OPTIMIZATION_LEVEL = "-O";
				VALIDATE_PRODUCT = YES;
			};
			name = Release;
		};
		1479C05828C6D33A000BF2A3 /* Debug */ = {
			isa = XCBuildConfiguration;
			buildSettings = {
				ASSETCATALOG_COMPILER_APPICON_NAME = AppIcon;
				ASSETCATALOG_COMPILER_GLOBAL_ACCENT_COLOR_NAME = AccentColor;
				CODE_SIGN_STYLE = Automatic;
				CURRENT_PROJECT_VERSION = 1;
				DEVELOPMENT_TEAM = 3WXM8F9ZYK;
				GENERATE_INFOPLIST_FILE = YES;
				INFOPLIST_FILE = OneDayTicket/Info.plist;
				INFOPLIST_KEY_UIApplicationSupportsIndirectInputEvents = YES;
				INFOPLIST_KEY_UILaunchStoryboardName = LaunchScreen;
				INFOPLIST_KEY_UIMainStoryboardFile = Main;
				INFOPLIST_KEY_UISupportedInterfaceOrientations_iPad = "UIInterfaceOrientationPortrait UIInterfaceOrientationPortraitUpsideDown UIInterfaceOrientationLandscapeLeft UIInterfaceOrientationLandscapeRight";
				INFOPLIST_KEY_UISupportedInterfaceOrientations_iPhone = "UIInterfaceOrientationPortrait UIInterfaceOrientationLandscapeLeft UIInterfaceOrientationLandscapeRight";
				LD_RUNPATH_SEARCH_PATHS = (
					"$(inherited)",
					"@executable_path/Frameworks",
				);
				MARKETING_VERSION = 1.0;
				PRODUCT_BUNDLE_IDENTIFIER = com.jwiseinc.OneDayTicket;
				PRODUCT_NAME = "$(TARGET_NAME)";
				SWIFT_EMIT_LOC_STRINGS = YES;
				SWIFT_VERSION = 5.0;
				TARGETED_DEVICE_FAMILY = "1,2";
			};
			name = Debug;
		};
		1479C05928C6D33A000BF2A3 /* Release */ = {
			isa = XCBuildConfiguration;
			buildSettings = {
				ASSETCATALOG_COMPILER_APPICON_NAME = AppIcon;
				ASSETCATALOG_COMPILER_GLOBAL_ACCENT_COLOR_NAME = AccentColor;
				CODE_SIGN_STYLE = Automatic;
				CURRENT_PROJECT_VERSION = 1;
				DEVELOPMENT_TEAM = 3WXM8F9ZYK;
				GENERATE_INFOPLIST_FILE = YES;
				INFOPLIST_FILE = OneDayTicket/Info.plist;
				INFOPLIST_KEY_UIApplicationSupportsIndirectInputEvents = YES;
				INFOPLIST_KEY_UILaunchStoryboardName = LaunchScreen;
				INFOPLIST_KEY_UIMainStoryboardFile = Main;
				INFOPLIST_KEY_UISupportedInterfaceOrientations_iPad = "UIInterfaceOrientationPortrait UIInterfaceOrientationPortraitUpsideDown UIInterfaceOrientationLandscapeLeft UIInterfaceOrientationLandscapeRight";
				INFOPLIST_KEY_UISupportedInterfaceOrientations_iPhone = "UIInterfaceOrientationPortrait UIInterfaceOrientationLandscapeLeft UIInterfaceOrientationLandscapeRight";
				LD_RUNPATH_SEARCH_PATHS = (
					"$(inherited)",
					"@executable_path/Frameworks",
				);
				MARKETING_VERSION = 1.0;
				PRODUCT_BUNDLE_IDENTIFIER = com.jwiseinc.OneDayTicket;
				PRODUCT_NAME = "$(TARGET_NAME)";
				SWIFT_EMIT_LOC_STRINGS = YES;
				SWIFT_VERSION = 5.0;
				TARGETED_DEVICE_FAMILY = "1,2";
			};
			name = Release;
		};
/* End XCBuildConfiguration section */

/* Begin XCConfigurationList section */
		1479C03B28C6D33A000BF2A3 /* Build configuration list for PBXProject "onedayticket-ios" */ = {
			isa = XCConfigurationList;
			buildConfigurations = (
				1479C05528C6D33A000BF2A3 /* Debug */,
				1479C05628C6D33A000BF2A3 /* Release */,
			);
			defaultConfigurationIsVisible = 0;
			defaultConfigurationName = Release;
		};
		1479C05728C6D33A000BF2A3 /* Build configuration list for PBXNativeTarget "onedayticket-ios" */ = {
			isa = XCConfigurationList;
			buildConfigurations = (
				1479C05828C6D33A000BF2A3 /* Debug */,
				1479C05928C6D33A000BF2A3 /* Release */,
			);
			defaultConfigurationIsVisible = 0;
			defaultConfigurationName = Release;
		};
/* End XCConfigurationList section */

/* Begin XCVersionGroup section */
		1479C04C28C6D33A000BF2A3 /* OneDayTicket.xcdatamodeld */ = {
			isa = XCVersionGroup;
			children = (
				1479C04D28C6D33A000BF2A3 /* OneDayTicket.xcdatamodel */,
			);
			currentVersion = 1479C04D28C6D33A000BF2A3 /* OneDayTicket.xcdatamodel */;
			path = OneDayTicket.xcdatamodeld;
			sourceTree = "<group>";
			versionGroupType = wrapper.xcdatamodel;
		};
/* End XCVersionGroup section */
	};
	rootObject = 1479C03828C6D33A000BF2A3 /* Project object */;
}
